{
	"requires": true,
	"lockfileVersion": 1,
	"dependencies": {
		"email-validator": {
			"version": "2.0.4",
			"resolved": "https://registry.npmjs.org/email-validator/-/email-validator-2.0.4.tgz",
			"integrity": "sha512-gYCwo7kh5S3IDyZPLZf6hSS0MnZT8QmJFqYvbqlDZSbwdZlY6QZWxJ4i/6UhITOJ4XzyI647Bm2MXKCLqnJ4nQ=="
		},
		"nativescript-social-share": {
			"version": "1.5.1",
			"resolved": "https://registry.npmjs.org/nativescript-social-share/-/nativescript-social-share-1.5.1.tgz",
			"integrity": "sha512-G/aoahMwKt+eOKivUuZFfb271Z7zYonQpc60XzXD+G1TE35SE/GQ/eYzuVBnkvSJHYz8XaA/UarzX0HstWoYgA=="
		},
		"nativescript-theme-core": {
			"version": "1.0.4",
			"resolved": "https://registry.npmjs.org/nativescript-theme-core/-/nativescript-theme-core-1.0.4.tgz",
			"integrity": "sha1-zyiAx/vy/l9D4iNdMJdQeQgD7+E="
		},
		"tns-core-modules": {
			"version": "3.4.1",
			"resolved": "http://registry.npmjs.org/tns-core-modules/-/tns-core-modules-3.4.1.tgz",
			"integrity": "sha512-sz/yTmoW7WyDPpr4JEC+trlfiEI14X365jGF//tMCT/G6ISzANr43wc17fgbGH1UA1XbKzujbAl0xPNssRHVUA==",
			"requires": {
				"tns-core-modules-widgets": "3.4.0"
			}
		},
		"tns-core-modules-widgets": {
			"version": "3.4.0",
			"resolved": "https://registry.npmjs.org/tns-core-modules-widgets/-/tns-core-modules-widgets-3.4.0.tgz",
			"integrity": "sha512-WEtjDRTjjKB+C1NhY1CJSNyhK9DPCYzBgM+yKgq5AmphK/QdQEMAP1U2ttOv8yWWfsvLZGOnzyLCzcyeoG0Gfw=="
		}
	}
}
